// !$*UTF8*$!
{
	archiveVersion = 1;
	classes = {
	};
	objectVersion = 46;
	objects = {

/* Begin PBXBuildFile section */
		04746E091ADC56E300961A82 /* main.m in Sources */ = {isa = PBXBuildFile; fileRef = 04746E081ADC56E300961A82 /* main.m */; };
		04746E0C1ADC56E300961A82 /* AppDelegate.m in Sources */ = {isa = PBXBuildFile; fileRef = 04746E0B1ADC56E300961A82 /* AppDelegate.m */; };
		04746E0F1ADC56E300961A82 /* ViewController.m in Sources */ = {isa = PBXBuildFile; fileRef = 04746E0E1ADC56E300961A82 /* ViewController.m */; };
		04746E121ADC56E300961A82 /* Main.storyboard in Resources */ = {isa = PBXBuildFile; fileRef = 04746E101ADC56E300961A82 /* Main.storyboard */; };
		04746E141ADC56E300961A82 /* Images.xcassets in Resources */ = {isa = PBXBuildFile; fileRef = 04746E131ADC56E300961A82 /* Images.xcassets */; };
		04746E171ADC56E300961A82 /* LaunchScreen.xib in Resources */ = {isa = PBXBuildFile; fileRef = 04746E151ADC56E300961A82 /* LaunchScreen.xib */; };
		04746E231ADC56E300961A82 /* GitDemoTests.m in Sources */ = {isa = PBXBuildFile; fileRef = 04746E221ADC56E300961A82 /* GitDemoTests.m */; };
/* End PBXBuildFile section */

/* Begin PBXContainerItemProxy section */
		04746E1D1ADC56E300961A82 /* PBXContainerItemProxy */ = {
			isa = PBXContainerItemProxy;
			containerPortal = 04746DFB1ADC56E200961A82 /* Project object */;
			proxyType = 1;
			remoteGlobalIDString = 04746E021ADC56E200961A82;
			remoteInfo = GitDemo;
		};
/* End PBXContainerItemProxy section */

/* Begin PBXFileReference section */
		04746E031ADC56E200961A82 /* GitDemo.app */ = {isa = PBXFileReference; explicitFileType = wrapper.application; includeInIndex = 0; path = GitDemo.app; sourceTree = BUILT_PRODUCTS_DIR; };
		04746E071ADC56E200961A82 /* Info.plist */ = {isa = PBXFileReference; lastKnownFileType = text.plist.xml; path = Info.plist; sourceTree = "<group>"; };
		04746E081ADC56E300961A82 /* main.m */ = {isa = PBXFileReference; lastKnownFileType = sourcecode.c.objc; path = main.m; sourceTree = "<group>"; };
		04746E0A1ADC56E300961A82 /* AppDelegate.h */ = {isa = PBXFileReference; lastKnownFileType = sourcecode.c.h; path = AppDelegate.h; sourceTree = "<group>"; };
		04746E0B1ADC56E300961A82 /* AppDelegate.m */ = {isa = PBXFileReference; lastKnownFileType = sourcecode.c.objc; path = AppDelegate.m; sourceTree = "<group>"; };
		04746E0D1ADC56E300961A82 /* ViewController.h */ = {isa = PBXFileReference; lastKnownFileType = sourcecode.c.h; path = ViewController.h; sourceTree = "<group>"; };
		04746E0E1ADC56E300961A82 /* ViewController.m */ = {isa = PBXFileReference; lastKnownFileType = sourcecode.c.objc; path = ViewController.m; sourceTree = "<group>"; };
		04746E111ADC56E300961A82 /* Base */ = {isa = PBXFileReference; lastKnownFileType = file.storyboard; name = Base; path = Base.lproj/Main.storyboard; sourceTree = "<group>"; };
		04746E131ADC56E300961A82 /* Images.xcassets */ = {isa = PBXFileReference; lastKnownFileType = folder.assetcatalog; path = Images.xcassets; sourceTree = "<group>"; };
		04746E161ADC56E300961A82 /* Base */ = {isa = PBXFileReference; lastKnownFileType = file.xib; name = Base; path = Base.lproj/LaunchScreen.xib; sourceTree = "<group>"; };
		04746E1C1ADC56E300961A82 /* GitDemoTests.xctest */ = {isa = PBXFileReference; explicitFileType = wrapper.cfbundle; includeInIndex = 0; path = GitDemoTests.xctest; sourceTree = BUILT_PRODUCTS_DIR; };
		04746E211ADC56E300961A82 /* Info.plist */ = {isa = PBXFileReference; lastKnownFileType = text.plist.xml; path = Info.plist; sourceTree = "<group>"; };
		04746E221ADC56E300961A82 /* GitDemoTests.m */ = {isa = PBXFileReference; lastKnownFileType = sourcecode.c.objc; path = GitDemoTests.m; sourceTree = "<group>"; };
/* End PBXFileReference section */

/* Begin PBXFrameworksBuildPhase section */
		04746E001ADC56E200961A82 /* Frameworks */ = {
			isa = PBXFrameworksBuildPhase;
			buildActionMask = 2147483647;
			files = (
			);
			runOnlyForDeploymentPostprocessing = 0;
		};
		04746E191ADC56E300961A82 /* Frameworks */ = {
			isa = PBXFrameworksBuildPhase;
			buildActionMask = 2147483647;
			files = (
			);
			runOnlyForDeploymentPostprocessing = 0;
		};
/* End PBXFrameworksBuildPhase section */

/* Begin PBXGroup section */
		04746DFA1ADC56E200961A82 = {
			isa = PBXGroup;
			children = (
				04746E051ADC56E200961A82 /* GitDemo */,
				04746E1F1ADC56E300961A82 /* GitDemoTests */,
				04746E041ADC56E200961A82 /* Products */,
			);
			sourceTree = "<group>";
		};
		04746E041ADC56E200961A82 /* Products */ = {
			isa = PBXGroup;
			children = (
				04746E031ADC56E200961A82 /* GitDemo.app */,
				04746E1C1ADC56E300961A82 /* GitDemoTests.xctest */,
			);
			name = Products;
			sourceTree = "<group>";
		};
		04746E051ADC56E200961A82 /* GitDemo */ = {
			isa = PBXGroup;
			children = (
				04746E0A1ADC56E300961A82 /* AppDelegate.h */,
				04746E0B1ADC56E300961A82 /* AppDelegate.m */,
				04746E0D1ADC56E300961A82 /* ViewController.h */,
				04746E0E1ADC56E300961A82 /* ViewController.m */,
				04746E101ADC56E300961A82 /* Main.storyboard */,
				04746E131ADC56E300961A82 /* Images.xcassets */,
				04746E151ADC56E300961A82 /* LaunchScreen.xib */,
				04746E061ADC56E200961A82 /* Supporting Files */,
			);
			path = GitDemo;
			sourceTree = "<group>";
		};
		04746E061ADC56E200961A82 /* Supporting Files */ = {
			isa = PBXGroup;
			children = (
				04746E071ADC56E200961A82 /* Info.plist */,
				04746E081ADC56E300961A82 /* main.m */,
			);
			name = "Supporting Files";
			sourceTree = "<group>";
		};
		04746E1F1ADC56E300961A82 /* GitDemoTests */ = {
			isa = PBXGroup;
			children = (
				04746E221ADC56E300961A82 /* GitDemoTests.m */,
				04746E201ADC56E300961A82 /* Supporting Files */,
			);
			path = GitDemoTests;
			sourceTree = "<group>";
		};
		04746E201ADC56E300961A82 /* Supporting Files */ = {
			isa = PBXGroup;
			children = (
				04746E211ADC56E300961A82 /* Info.plist */,
			);
			name = "Supporting Files";
			sourceTree = "<group>";
		};
/* End PBXGroup section */

/* Begin PBXNativeTarget section */
		04746E021ADC56E200961A82 /* GitDemo */ = {
			isa = PBXNativeTarget;
			buildConfigurationList = 04746E261ADC56E300961A82 /* Build configuration list for PBXNativeTarget "GitDemo" */;
			buildPhases = (
				04746DFF1ADC56E200961A82 /* Sources */,
				04746E001ADC56E200961A82 /* Frameworks */,
				04746E011ADC56E200961A82 /* Resources */,
			);
			buildRules = (
			);
			dependencies = (
			);
			name = GitDemo;
			productName = GitDemo;
			productReference = 04746E031ADC56E200961A82 /* GitDemo.app */;
			productType = "com.apple.product-type.application";
		};
		04746E1B1ADC56E300961A82 /* GitDemoTests */ = {
			isa = PBXNativeTarget;
			buildConfigurationList = 04746E291ADC56E300961A82 /* Build configuration list for PBXNativeTarget "GitDemoTests" */;
			buildPhases = (
				04746E181ADC56E300961A82 /* Sources */,
				04746E191ADC56E300961A82 /* Frameworks */,
				04746E1A1ADC56E300961A82 /* Resources */,
			);
			buildRules = (
			);
			dependencies = (
				04746E1E1ADC56E300961A82 /* PBXTargetDependency */,
			);
			name = GitDemoTests;
			productName = GitDemoTests;
			productReference = 04746E1C1ADC56E300961A82 /* GitDemoTests.xctest */;
			productType = "com.apple.product-type.bundle.unit-test";
		};
/* End PBXNativeTarget section */

/* Begin PBXProject section */
		04746DFB1ADC56E200961A82 /* Project object */ = {
			isa = PBXProject;
			attributes = {
				LastUpgradeCheck = 0610;
				ORGANIZATIONNAME = wuyx;
				TargetAttributes = {
					04746E021ADC56E200961A82 = {
						CreatedOnToolsVersion = 6.1.1;
					};
					04746E1B1ADC56E300961A82 = {
						CreatedOnToolsVersion = 6.1.1;
						TestTargetID = 04746E021ADC56E200961A82;
					};
				};
			};
			buildConfigurationList = 04746DFE1ADC56E200961A82 /* Build configuration list for PBXProject "GitDemo" */;
			compatibilityVersion = "Xcode 3.2";
			developmentRegion = English;
			hasScannedForEncodings = 0;
			knownRegions = (
				en,
				Base,
			);
			mainGroup = 04746DFA1ADC56E200961A82;
			productRefGroup = 04746E041ADC56E200961A82 /* Products */;
			projectDirPath = "";
			projectRoot = "";
			targets = (
				04746E021ADC56E200961A82 /* GitDemo */,
				04746E1B1ADC56E300961A82 /* GitDemoTests */,
			);
		};
/* End PBXProject section */

/* Begin PBXResourcesBuildPhase section */
		04746E011ADC56E200961A82 /* Resources */ = {
			isa = PBXResourcesBuildPhase;
			buildActionMask = 2147483647;
			files = (
				04746E121ADC56E300961A82 /* Main.storyboard in Resources */,
				04746E171ADC56E300961A82 /* LaunchScreen.xib in Resources */,
				04746E141ADC56E300961A82 /* Images.xcassets in Resources */,
			);
			runOnlyForDeploymentPostprocessing = 0;
		};
		04746E1A1ADC56E300961A82 /* Resources */ = {
			isa = PBXResourcesBuildPhase;
			buildActionMask = 2147483647;
			files = (
			);
			runOnlyForDeploymentPostprocessing = 0;
		};
/* End PBXResourcesBuildPhase section */

/* Begin PBXSourcesBuildPhase section */
		04746DFF1ADC56E200961A82 /* Sources */ = {
			isa = PBXSourcesBuildPhase;
			buildActionMask = 2147483647;
			files = (
				04746E0F1ADC56E300961A82 /* ViewController.m in Sources */,
				04746E0C1ADC56E300961A82 /* AppDelegate.m in Sources */,
				04746E091ADC56E300961A82 /* main.m in Sources */,
			);
			runOnlyForDeploymentPostprocessing = 0;
		};
		04746E181ADC56E300961A82 /* Sources */ = {
			isa = PBXSourcesBuildPhase;
			buildActionMask = 2147483647;
			files = (
				04746E231ADC56E300961A82 /* GitDemoTests.m in Sources */,
			);
			runOnlyForDeploymentPostprocessing = 0;
		};
/* End PBXSourcesBuildPhase section */

/* Begin PBXTargetDependency section */
		04746E1E1ADC56E300961A82 /* PBXTargetDependency */ = {
			isa = PBXTargetDependency;
			target = 04746E021ADC56E200961A82 /* GitDemo */;
			targetProxy = 04746E1D1ADC56E300961A82 /* PBXContainerItemProxy */;
		};
/* End PBXTargetDependency section */

/* Begin PBXVariantGroup section */
		04746E101ADC56E300961A82 /* Main.storyboard */ = {
			isa = PBXVariantGroup;
			children = (
				04746E111ADC56E300961A82 /* Base */,
			);
			name = Main.storyboard;
			sourceTree = "<group>";
		};
		04746E151ADC56E300961A82 /* LaunchScreen.xib */ = {
			isa = PBXVariantGroup;
			children = (
				04746E161ADC56E300961A82 /* Base */,
			);
			name = LaunchScreen.xib;
			sourceTree = "<group>";
		};
/* End PBXVariantGroup section */

/* Begin XCBuildConfiguration section */
		04746E241ADC56E300961A82 /* Debug */ = {
			isa = XCBuildConfiguration;
			buildSettings = {
				ALWAYS_SEARCH_USER_PATHS = NO;
				CLANG_CXX_LANGUAGE_STANDARD = "gnu++0x";
				CLANG_CXX_LIBRARY = "libc++";
				CLANG_ENABLE_MODULES = YES;
				CLANG_ENABLE_OBJC_ARC = YES;
				CLANG_WARN_BOOL_CONVERSION = YES;
				CLANG_WARN_CONSTANT_CONVERSION = YES;
				CLANG_WARN_DIRECT_OBJC_ISA_USAGE = YES_ERROR;
				CLANG_WARN_EMPTY_BODY = YES;
				CLANG_WARN_ENUM_CONVERSION = YES;
				CLANG_WARN_INT_CONVERSION = YES;
				CLANG_WARN_OBJC_ROOT_CLASS = YES_ERROR;
				CLANG_WARN_UNREACHABLE_CODE = YES;
				CLANG_WARN__DUPLICATE_METHOD_MATCH = YES;
				"CODE_SIGN_IDENTITY[sdk=iphoneos*]" = "iPhone Developer";
				COPY_PHASE_STRIP = NO;
				ENABLE_STRICT_OBJC_MSGSEND = YES;
				GCC_C_LANGUAGE_STANDARD = gnu99;
				GCC_DYNAMIC_NO_PIC = NO;
				GCC_OPTIMIZATION_LEVEL = 0;
				GCC_PREPROCESSOR_DEFINITIONS = (
					"DEBUG=1",
					"$(inherited)",
				);
				GCC_SYMBOLS_PRIVATE_EXTERN = NO;
				GCC_WARN_64_TO_32_BIT_CONVERSION = YES;
				GCC_WARN_ABOUT_RETURN_TYPE = YES_ERROR;
				GCC_WARN_UNDECLARED_SELECTOR = YES;
				GCC_WARN_UNINITIALIZED_AUTOS = YES_AGGRESSIVE;
				GCC_WARN_UNUSED_FUNCTION = YES;
				GCC_WARN_UNUSED_VARIABLE = YES;
				IPHONEOS_DEPLOYMENT_TARGET = 8.1;
				MTL_ENABLE_DEBUG_INFO = YES;
				ONLY_ACTIVE_ARCH = YES;
				SDKROOT = iphoneos;
			};
			name = Debug;
		};
		04746E251ADC56E300961A82 /* Release */ = {
			isa = XCBuildConfiguration;
			buildSettings = {
				ALWAYS_SEARCH_USER_PATHS = NO;
				CLANG_CXX_LANGUAGE_STANDARD = "gnu++0x";
				CLANG_CXX_LIBRARY = "libc++";
				CLANG_ENABLE_MODULES = YES;
				CLANG_ENABLE_OBJC_ARC = YES;
				CLANG_WARN_BOOL_CONVERSION = YES;
				CLANG_WARN_CONSTANT_CONVERSION = YES;
				CLANG_WARN_DIRECT_OBJC_ISA_USAGE = YES_ERROR;
				CLANG_WARN_EMPTY_BODY = YES;
				CLANG_WARN_ENUM_CONVERSION = YES;
				CLANG_WARN_INT_CONVERSION = YES;
				CLANG_WARN_OBJC_ROOT_CLASS = YES_ERROR;
				CLANG_WARN_UNREACHABLE_CODE = YES;
				CLANG_WARN__DUPLICATE_METHOD_MATCH = YES;
				"CODE_SIGN_IDENTITY[sdk=iphoneos*]" = "iPhone Developer";
				COPY_PHASE_STRIP = YES;
				ENABLE_NS_ASSERTIONS = NO;
				ENABLE_STRICT_OBJC_MSGSEND = YES;
				GCC_C_LANGUAGE_STANDARD = gnu99;
				GCC_WARN_64_TO_32_BIT_CONVERSION = YES;
				GCC_WARN_ABOUT_RETURN_TYPE = YES_ERROR;
				GCC_WARN_UNDECLARED_SELECTOR = YES;
				GCC_WARN_UNINITIALIZED_AUTOS = YES_AGGRESSIVE;
				GCC_WARN_UNUSED_FUNCTION = YES;
				GCC_WARN_UNUSED_VARIABLE = YES;
				IPHONEOS_DEPLOYMENT_TARGET = 8.1;
				MTL_ENABLE_DEBUG_INFO = NO;
				SDKROOT = iphoneos;
				VALIDATE_PRODUCT = YES;
			};
			name = Release;
		};
		04746E271ADC56E300961A82 /* Debug */ = {
			isa = XCBuildConfiguration;
			buildSettings = {
				ASSETCATALOG_COMPILER_APPICON_NAME = AppIcon;
				INFOPLIST_FILE = GitDemo/Info.plist;
				LD_RUNPATH_SEARCH_PATHS = "$(inherited) @executable_path/Frameworks";
				PRODUCT_NAME = "$(TARGET_NAME)";
			};
			name = Debug;
		};
		04746E281ADC56E300961A82 /* Release */ = {
			isa = XCBuildConfiguration;
			buildSettings = {
				ASSETCATALOG_COMPILER_APPICON_NAME = AppIcon;
				INFOPLIST_FILE = GitDemo/Info.plist;
				LD_RUNPATH_SEARCH_PATHS = "$(inherited) @executable_path/Frameworks";
				PRODUCT_NAME = "$(TARGET_NAME)";
			};
			name = Release;
		};
		04746E2A1ADC56E300961A82 /* Debug */ = {
			isa = XCBuildConfiguration;
			buildSettings = {
				BUNDLE_LOADER = "$(TEST_HOST)";
				FRAMEWORK_SEARCH_PATHS = (
					"$(SDKROOT)/Developer/Library/Frameworks",
					"$(inherited)",
				);
				GCC_PREPROCESSOR_DEFINITIONS = (
					"DEBUG=1",
					"$(inherited)",
				);
				INFOPLIST_FILE = GitDemoTests/Info.plist;
				LD_RUNPATH_SEARCH_PATHS = "$(inherited) @executable_path/Frameworks @loader_path/Frameworks";
				PRODUCT_NAME = "$(TARGET_NAME)";
				TEST_HOST = "$(BUILT_PRODUCTS_DIR)/GitDemo.app/GitDemo";
			};
			name = Debug;
		};
		04746E2B1ADC56E300961A82 /* Release */ = {
			isa = XCBuildConfiguration;
			buildSettings = {
				BUNDLE_LOADER = "$(TEST_HOST)";
				FRAMEWORK_SEARCH_PATHS = (
					"$(SDKROOT)/Developer/Library/Frameworks",
					"$(inherited)",
				);
				INFOPLIST_FILE = GitDemoTests/Info.plist;
				LD_RUNPATH_SEARCH_PATHS = "$(inherited) @executable_path/Frameworks @loader_path/Frameworks";
				PRODUCT_NAME = "$(TARGET_NAME)";
				TEST_HOST = "$(BUILT_PRODUCTS_DIR)/GitDemo.app/GitDemo";
			};
			name = Release;
		};
/* End XCBuildConfiguration section */

/* Begin XCConfigurationList section */
		04746DFE1ADC56E200961A82 /* Build configuration list for PBXProject "GitDemo" */ = {
			isa = XCConfigurationList;
			buildConfigurations = (
				04746E241ADC56E300961A82 /* Debug */,
				04746E251ADC56E300961A82 /* Release */,
			);
			defaultConfigurationIsVisible = 0;
			defaultConfigurationName = Release;
		};
		04746E261ADC56E300961A82 /* Build configuration list for PBXNativeTarget "GitDemo" */ = {
			isa = XCConfigurationList;
			buildConfigurations = (
				04746E271ADC56E300961A82 /* Debug */,
				04746E281ADC56E300961A82 /* Release */,
			);
			defaultConfigurationIsVisible = 0;
		};
		04746E291ADC56E300961A82 /* Build configuration list for PBXNativeTarget "GitDemoTests" */ = {
			isa = XCConfigurationList;
			buildConfigurations = (
				04746E2A1ADC56E300961A82 /* Debug */,
				04746E2B1ADC56E300961A82 /* Release */,
			);
			defaultConfigurationIsVisible = 0;
		};
/* End XCConfigurationList section */
	};
	rootObject = 04746DFB1ADC56E200961A82 /* Project object */;
}
